
Microsoft Visual Studio Solution File, Format Version 12.00
# Visual Studio Version 17
VisualStudioVersion = 17.3.32804.467
MinimumVisualStudioVersion = 10.0.40219.1
Project("{9A19103F-16F7-4668-BE54-9A1E7A4F7556}") = "DataAccess", "DataAccess\DataAccess.csproj", "{70535561-4BB3-45DA-BBFD-F45D9FE15E03}"
EndProject
Project("{9A19103F-16F7-4668-BE54-9A1E7A4F7556}") = "Business", "Business\Business.csproj", "{96CA4816-3DCC-4F3B-9982-83B12DC43731}"
EndProject
Project("{9A19103F-16F7-4668-BE54-9A1E7A4F7556}") = "Entities", "Entities\Entities.csproj", "{AD3CBC6F-5199-4689-9CB7-009D05D538D5}"
EndProject
Project("{9A19103F-16F7-4668-BE54-9A1E7A4F7556}") = "ConsoleUI", "ConsoleUI\ConsoleUI.csproj", "{7D9B4B69-0F10-49DB-A4E8-02CDE35EEAD6}"
EndProject
Project("{FAE04EC0-301F-11D3-BF4B-00C04F79EFBC}") = "Core", "Core\Core.csproj", "{4D085254-A2C5-48D5-BC20-02D69D53DEC8}"
EndProject
Global
	GlobalSection(SolutionConfigurationPlatforms) = preSolution
		Debug|Any CPU = Debug|Any CPU
		Release|Any CPU = Release|Any CPU
	EndGlobalSection
	GlobalSection(ProjectConfigurationPlatforms) = postSolution
		{70535561-4BB3-45DA-BBFD-F45D9FE15E03}.Debug|Any CPU.ActiveCfg = Debug|Any CPU
		{70535561-4BB3-45DA-BBFD-F45D9FE15E03}.Debug|Any CPU.Build.0 = Debug|Any CPU
		{70535561-4BB3-45DA-BBFD-F45D9FE15E03}.Release|Any CPU.ActiveCfg = Release|Any CPU
		{70535561-4BB3-45DA-BBFD-F45D9FE15E03}.Release|Any CPU.Build.0 = Release|Any CPU
		{96CA4816-3DCC-4F3B-9982-83B12DC43731}.Debug|Any CPU.ActiveCfg = Debug|Any CPU
		{96CA4816-3DCC-4F3B-9982-83B12DC43731}.Debug|Any CPU.Build.0 = Debug|Any CPU
		{96CA4816-3DCC-4F3B-9982-83B12DC43731}.Release|Any CPU.ActiveCfg = Release|Any CPU
		{96CA4816-3DCC-4F3B-9982-83B12DC43731}.Release|Any CPU.Build.0 = Release|Any CPU
		{AD3CBC6F-5199-4689-9CB7-009D05D538D5}.Debug|Any CPU.ActiveCfg = Debug|Any CPU
		{AD3CBC6F-5199-4689-9CB7-009D05D538D5}.Debug|Any CPU.Build.0 = Debug|Any CPU
		{AD3CBC6F-5199-4689-9CB7-009D05D538D5}.Release|Any CPU.ActiveCfg = Release|Any CPU
		{AD3CBC6F-5199-4689-9CB7-009D05D538D5}.Release|Any CPU.Build.0 = Release|Any CPU
		{7D9B4B69-0F10-49DB-A4E8-02CDE35EEAD6}.Debug|Any CPU.ActiveCfg = Debug|Any CPU
		{7D9B4B69-0F10-49DB-A4E8-02CDE35EEAD6}.Debug|Any CPU.Build.0 = Debug|Any CPU
		{7D9B4B69-0F10-49DB-A4E8-02CDE35EEAD6}.Release|Any CPU.ActiveCfg = Release|Any CPU
		{7D9B4B69-0F10-49DB-A4E8-02CDE35EEAD6}.Release|Any CPU.Build.0 = Release|Any CPU
		{4D085254-A2C5-48D5-BC20-02D69D53DEC8}.Debug|Any CPU.ActiveCfg = Debug|Any CPU
		{4D085254-A2C5-48D5-BC20-02D69D53DEC8}.Debug|Any CPU.Build.0 = Debug|Any CPU
		{4D085254-A2C5-48D5-BC20-02D69D53DEC8}.Release|Any CPU.ActiveCfg = Release|Any CPU
		{4D085254-A2C5-48D5-BC20-02D69D53DEC8}.Release|Any CPU.Build.0 = Release|Any CPU
	EndGlobalSection
	GlobalSection(SolutionProperties) = preSolution
		HideSolutionNode = FALSE
	EndGlobalSection
	GlobalSection(ExtensibilityGlobals) = postSolution
		SolutionGuid = {ABB9121A-0B39-4201-B435-5297BB796D10}
	EndGlobalSection
EndGlobal
